
Microsoft Visual Studio Solution File, Format Version 12.00
# Visual Studio Version 17
VisualStudioVersion = 17.0.31903.59
MinimumVisualStudioVersion = 10.0.40219.1
Project("{FAE04EC0-301F-11D3-BF4B-00C04F79EFBC}") = "TB.Domain", "..\TB.Domain\TB.Domain.csproj", "{39407BB3-5EDB-4214-9B3F-E27D3AD26E84}"
EndProject
Project("{FAE04EC0-301F-11D3-BF4B-00C04F79EFBC}") = "TB.Application", "..\TB.Application\TB.Application.csproj", "{720BEA90-965B-4BAE-8AFB-3DA88D3675D9}"
EndProject
Project("{FAE04EC0-301F-11D3-BF4B-00C04F79EFBC}") = "TB.Infrastructure", "..\TB.Infrastructure\TB.Infrastructure.csproj", "{44DF5164-C28C-4C26-8FDB-F1C556404E4F}"
EndProject
Project("{FAE04EC0-301F-11D3-BF4B-00C04F79EFBC}") = "TB.Api", "..\TB.Api\TB.Api.csproj", "{D2A9008C-8375-4FA2-A691-54A828048FA2}"
EndProject
Global
	GlobalSection(SolutionConfigurationPlatforms) = preSolution
		Debug|Any CPU = Debug|Any CPU
		Debug|x64 = Debug|x64
		Debug|x86 = Debug|x86
		Release|Any CPU = Release|Any CPU
		Release|x64 = Release|x64
		Release|x86 = Release|x86
	EndGlobalSection
	GlobalSection(ProjectConfigurationPlatforms) = postSolution
		{39407BB3-5EDB-4214-9B3F-E27D3AD26E84}.Debug|Any CPU.ActiveCfg = Debug|Any CPU
		{39407BB3-5EDB-4214-9B3F-E27D3AD26E84}.Debug|Any CPU.Build.0 = Debug|Any CPU
		{39407BB3-5EDB-4214-9B3F-E27D3AD26E84}.Debug|x64.ActiveCfg = Debug|Any CPU
		{39407BB3-5EDB-4214-9B3F-E27D3AD26E84}.Debug|x64.Build.0 = Debug|Any CPU
		{39407BB3-5EDB-4214-9B3F-E27D3AD26E84}.Debug|x86.ActiveCfg = Debug|Any CPU
		{39407BB3-5EDB-4214-9B3F-E27D3AD26E84}.Debug|x86.Build.0 = Debug|Any CPU
		{39407BB3-5EDB-4214-9B3F-E27D3AD26E84}.Release|Any CPU.ActiveCfg = Release|Any CPU
		{39407BB3-5EDB-4214-9B3F-E27D3AD26E84}.Release|Any CPU.Build.0 = Release|Any CPU
		{39407BB3-5EDB-4214-9B3F-E27D3AD26E84}.Release|x64.ActiveCfg = Release|Any CPU
		{39407BB3-5EDB-4214-9B3F-E27D3AD26E84}.Release|x64.Build.0 = Release|Any CPU
		{39407BB3-5EDB-4214-9B3F-E27D3AD26E84}.Release|x86.ActiveCfg = Release|Any CPU
		{39407BB3-5EDB-4214-9B3F-E27D3AD26E84}.Release|x86.Build.0 = Release|Any CPU
		{720BEA90-965B-4BAE-8AFB-3DA88D3675D9}.Debug|Any CPU.ActiveCfg = Debug|Any CPU
		{720BEA90-965B-4BAE-8AFB-3DA88D3675D9}.Debug|Any CPU.Build.0 = Debug|Any CPU
		{720BEA90-965B-4BAE-8AFB-3DA88D3675D9}.Debug|x64.ActiveCfg = Debug|Any CPU
		{720BEA90-965B-4BAE-8AFB-3DA88D3675D9}.Debug|x64.Build.0 = Debug|Any CPU
		{720BEA90-965B-4BAE-8AFB-3DA88D3675D9}.Debug|x86.ActiveCfg = Debug|Any CPU
		{720BEA90-965B-4BAE-8AFB-3DA88D3675D9}.Debug|x86.Build.0 = Debug|Any CPU
		{720BEA90-965B-4BAE-8AFB-3DA88D3675D9}.Release|Any CPU.ActiveCfg = Release|Any CPU
		{720BEA90-965B-4BAE-8AFB-3DA88D3675D9}.Release|Any CPU.Build.0 = Release|Any CPU
		{720BEA90-965B-4BAE-8AFB-3DA88D3675D9}.Release|x64.ActiveCfg = Release|Any CPU
		{720BEA90-965B-4BAE-8AFB-3DA88D3675D9}.Release|x64.Build.0 = Release|Any CPU
		{720BEA90-965B-4BAE-8AFB-3DA88D3675D9}.Release|x86.ActiveCfg = Release|Any CPU
		{720BEA90-965B-4BAE-8AFB-3DA88D3675D9}.Release|x86.Build.0 = Release|Any CPU
		{44DF5164-C28C-4C26-8FDB-F1C556404E4F}.Debug|Any CPU.ActiveCfg = Debug|Any CPU
		{44DF5164-C28C-4C26-8FDB-F1C556404E4F}.Debug|Any CPU.Build.0 = Debug|Any CPU
		{44DF5164-C28C-4C26-8FDB-F1C556404E4F}.Debug|x64.ActiveCfg = Debug|Any CPU
		{44DF5164-C28C-4C26-8FDB-F1C556404E4F}.Debug|x64.Build.0 = Debug|Any CPU
		{44DF5164-C28C-4C26-8FDB-F1C556404E4F}.Debug|x86.ActiveCfg = Debug|Any CPU
		{44DF5164-C28C-4C26-8FDB-F1C556404E4F}.Debug|x86.Build.0 = Debug|Any CPU
		{44DF5164-C28C-4C26-8FDB-F1C556404E4F}.Release|Any CPU.ActiveCfg = Release|Any CPU
		{44DF5164-C28C-4C26-8FDB-F1C556404E4F}.Release|Any CPU.Build.0 = Release|Any CPU
		{44DF5164-C28C-4C26-8FDB-F1C556404E4F}.Release|x64.ActiveCfg = Release|Any CPU
		{44DF5164-C28C-4C26-8FDB-F1C556404E4F}.Release|x64.Build.0 = Release|Any CPU
		{44DF5164-C28C-4C26-8FDB-F1C556404E4F}.Release|x86.ActiveCfg = Release|Any CPU
		{44DF5164-C28C-4C26-8FDB-F1C556404E4F}.Release|x86.Build.0 = Release|Any CPU
		{D2A9008C-8375-4FA2-A691-54A828048FA2}.Debug|Any CPU.ActiveCfg = Debug|Any CPU
		{D2A9008C-8375-4FA2-A691-54A828048FA2}.Debug|Any CPU.Build.0 = Debug|Any CPU
		{D2A9008C-8375-4FA2-A691-54A828048FA2}.Debug|x64.ActiveCfg = Debug|Any CPU
		{D2A9008C-8375-4FA2-A691-54A828048FA2}.Debug|x64.Build.0 = Debug|Any CPU
		{D2A9008C-8375-4FA2-A691-54A828048FA2}.Debug|x86.ActiveCfg = Debug|Any CPU
		{D2A9008C-8375-4FA2-A691-54A828048FA2}.Debug|x86.Build.0 = Debug|Any CPU
		{D2A9008C-8375-4FA2-A691-54A828048FA2}.Release|Any CPU.ActiveCfg = Release|Any CPU
		{D2A9008C-8375-4FA2-A691-54A828048FA2}.Release|Any CPU.Build.0 = Release|Any CPU
		{D2A9008C-8375-4FA2-A691-54A828048FA2}.Release|x64.ActiveCfg = Release|Any CPU
		{D2A9008C-8375-4FA2-A691-54A828048FA2}.Release|x64.Build.0 = Release|Any CPU
		{D2A9008C-8375-4FA2-A691-54A828048FA2}.Release|x86.ActiveCfg = Release|Any CPU
		{D2A9008C-8375-4FA2-A691-54A828048FA2}.Release|x86.Build.0 = Release|Any CPU
	EndGlobalSection
	GlobalSection(SolutionProperties) = preSolution
		HideSolutionNode = FALSE
	EndGlobalSection
EndGlobal
